
Microsoft Visual Studio Solution File, Format Version 12.00
# Visual Studio Version 16
VisualStudioVersion = 16.0.31112.23
MinimumVisualStudioVersion = 10.0.40219.1
Project("{9A19103F-16F7-4668-BE54-9A1E7A4F7556}") = "VueJS", "VueJs2\VueJS.csproj", "{2ECBE0F8-FCA9-4EF5-90B4-7C5966075121}"
EndProject
Global
	GlobalSection(SolutionConfigurationPlatforms) = preSolution
		Debug|Any CPU = Debug|Any CPU
		Release|Any CPU = Release|Any CPU
	EndGlobalSection
	GlobalSection(ProjectConfigurationPlatforms) = postSolution
		{2ECBE0F8-FCA9-4EF5-90B4-7C5966075121}.Debug|Any CPU.ActiveCfg = Debug|Any CPU
		{2ECBE0F8-FCA9-4EF5-90B4-7C5966075121}.Debug|Any CPU.Build.0 = Debug|Any CPU
		{2ECBE0F8-FCA9-4EF5-90B4-7C5966075121}.Release|Any CPU.ActiveCfg = Release|Any CPU
		{2ECBE0F8-FCA9-4EF5-90B4-7C5966075121}.Release|Any CPU.Build.0 = Release|Any CPU
	EndGlobalSection
	GlobalSection(SolutionProperties) = preSolution
		HideSolutionNode = FALSE
	EndGlobalSection
	GlobalSection(ExtensibilityGlobals) = postSolution
		SolutionGuid = {6EFB3E34-525B-4033-9206-2597DF139F8D}
	EndGlobalSection
EndGlobal
